
Microsoft Visual Studio Solution File, Format Version 12.00
# Visual Studio Version 17
VisualStudioVersion = 17.10.35027.167
MinimumVisualStudioVersion = 10.0.40219.1
Project("{9A19103F-16F7-4668-BE54-9A1E7A4F7556}") = "BethanysPieShop", "BethanysPieShop\BethanysPieShop.csproj", "{275B405C-FA49-41BB-AC5E-11AC8E704226}"
EndProject
Project("{FAE04EC0-301F-11D3-BF4B-00C04F79EFBC}") = "BethanysPieShopTests", "BethanysPieShopTests\BethanysPieShopTests.csproj", "{3527ED5F-EFD7-46B4-987C-89344C0E606E}"
EndProject
Global
	GlobalSection(SolutionConfigurationPlatforms) = preSolution
		Debug|Any CPU = Debug|Any CPU
		Release|Any CPU = Release|Any CPU
	EndGlobalSection
	GlobalSection(ProjectConfigurationPlatforms) = postSolution
		{275B405C-FA49-41BB-AC5E-11AC8E704226}.Debug|Any CPU.ActiveCfg = Debug|Any CPU
		{275B405C-FA49-41BB-AC5E-11AC8E704226}.Debug|Any CPU.Build.0 = Debug|Any CPU
		{275B405C-FA49-41BB-AC5E-11AC8E704226}.Release|Any CPU.ActiveCfg = Release|Any CPU
		{275B405C-FA49-41BB-AC5E-11AC8E704226}.Release|Any CPU.Build.0 = Release|Any CPU
		{3527ED5F-EFD7-46B4-987C-89344C0E606E}.Debug|Any CPU.ActiveCfg = Debug|Any CPU
		{3527ED5F-EFD7-46B4-987C-89344C0E606E}.Debug|Any CPU.Build.0 = Debug|Any CPU
		{3527ED5F-EFD7-46B4-987C-89344C0E606E}.Release|Any CPU.ActiveCfg = Release|Any CPU
		{3527ED5F-EFD7-46B4-987C-89344C0E606E}.Release|Any CPU.Build.0 = Release|Any CPU
	EndGlobalSection
	GlobalSection(SolutionProperties) = preSolution
		HideSolutionNode = FALSE
	EndGlobalSection
	GlobalSection(ExtensibilityGlobals) = postSolution
		SolutionGuid = {EA20DF47-AA9D-4623-B662-F7AA3E7829A4}
	EndGlobalSection
EndGlobal
